// !$*UTF8*$!
{
	archiveVersion = 1;
	classes = {
	};
	objectVersion = 50;
	objects = {

/* Begin PBXBuildFile section */
		842E6F6021C251E90013DC8C /* ViewControllerTest.swift in Sources */ = {isa = PBXBuildFile; fileRef = 842E6F5F21C251E90013DC8C /* ViewControllerTest.swift */; };
		8439F219217DB83E007FAB2B /* SourceModel.swift in Sources */ = {isa = PBXBuildFile; fileRef = 8439F218217DB83E007FAB2B /* SourceModel.swift */; };
		848CFBEE2179C58900F88F6D /* AppDelegate.swift in Sources */ = {isa = PBXBuildFile; fileRef = 848CFBED2179C58900F88F6D /* AppDelegate.swift */; };
		848CFBF02179C58900F88F6D /* ViewController.swift in Sources */ = {isa = PBXBuildFile; fileRef = 848CFBEF2179C58900F88F6D /* ViewController.swift */; };
		848CFBF32179C58900F88F6D /* Main.storyboard in Resources */ = {isa = PBXBuildFile; fileRef = 848CFBF12179C58900F88F6D /* Main.storyboard */; };
		848CFBF52179C58A00F88F6D /* Assets.xcassets in Resources */ = {isa = PBXBuildFile; fileRef = 848CFBF42179C58A00F88F6D /* Assets.xcassets */; };
		848CFBF82179C58A00F88F6D /* LaunchScreen.storyboard in Resources */ = {isa = PBXBuildFile; fileRef = 848CFBF62179C58A00F88F6D /* LaunchScreen.storyboard */; };
		848CFC012179C5F200F88F6D /* ViewModel.swift in Sources */ = {isa = PBXBuildFile; fileRef = 848CFC002179C5F200F88F6D /* ViewModel.swift */; };
		848CFC042179C64800F88F6D /* Model.swift in Sources */ = {isa = PBXBuildFile; fileRef = 848CFC032179C64800F88F6D /* Model.swift */; };
		848CFC072179FD7D00F88F6D /* NetworkServies.swift in Sources */ = {isa = PBXBuildFile; fileRef = 848CFC062179FD7D00F88F6D /* NetworkServies.swift */; };
		848CFC0A2179FDB400F88F6D /* NetworkCore.swift in Sources */ = {isa = PBXBuildFile; fileRef = 848CFC092179FDB400F88F6D /* NetworkCore.swift */; };
		848CFC12217A049200F88F6D /* ExamplUITests.swift in Sources */ = {isa = PBXBuildFile; fileRef = 848CFC11217A049200F88F6D /* ExamplUITests.swift */; };
		84AA87F321BEA22800D4370A /* ExamplTests.swift in Sources */ = {isa = PBXBuildFile; fileRef = 84AA87F221BEA22800D4370A /* ExamplTests.swift */; };
		84AA87FA21BEA23C00D4370A /* ModelTest.swift in Sources */ = {isa = PBXBuildFile; fileRef = 84AA87E921BEA1F800D4370A /* ModelTest.swift */; };
		84C97C9D219DA8E900B0943E /* ViewModelProtocol.swift in Sources */ = {isa = PBXBuildFile; fileRef = 84C97C9C219DA8E900B0943E /* ViewModelProtocol.swift */; };
/* End PBXBuildFile section */

/* Begin PBXContainerItemProxy section */
		848CFC14217A049200F88F6D /* PBXContainerItemProxy */ = {
			isa = PBXContainerItemProxy;
			containerPortal = 848CFBE22179C58900F88F6D /* Project object */;
			proxyType = 1;
			remoteGlobalIDString = 848CFBE92179C58900F88F6D;
			remoteInfo = Exampl;
		};
		84AA87F521BEA22800D4370A /* PBXContainerItemProxy */ = {
			isa = PBXContainerItemProxy;
			containerPortal = 848CFBE22179C58900F88F6D /* Project object */;
			proxyType = 1;
			remoteGlobalIDString = 848CFBE92179C58900F88F6D;
			remoteInfo = Exampl;
		};
/* End PBXContainerItemProxy section */

/* Begin PBXFileReference section */
		842E6F5F21C251E90013DC8C /* ViewControllerTest.swift */ = {isa = PBXFileReference; lastKnownFileType = sourcecode.swift; path = ViewControllerTest.swift; sourceTree = "<group>"; };
		8439F218217DB83E007FAB2B /* SourceModel.swift */ = {isa = PBXFileReference; lastKnownFileType = sourcecode.swift; path = SourceModel.swift; sourceTree = "<group>"; };
		848CFBEA2179C58900F88F6D /* Exampl.app */ = {isa = PBXFileReference; explicitFileType = wrapper.application; includeInIndex = 0; path = Exampl.app; sourceTree = BUILT_PRODUCTS_DIR; };
		848CFBED2179C58900F88F6D /* AppDelegate.swift */ = {isa = PBXFileReference; lastKnownFileType = sourcecode.swift; path = AppDelegate.swift; sourceTree = "<group>"; };
		848CFBEF2179C58900F88F6D /* ViewController.swift */ = {isa = PBXFileReference; lastKnownFileType = sourcecode.swift; path = ViewController.swift; sourceTree = "<group>"; };
		848CFBF22179C58900F88F6D /* Base */ = {isa = PBXFileReference; lastKnownFileType = file.storyboard; name = Base; path = Base.lproj/Main.storyboard; sourceTree = "<group>"; };
		848CFBF42179C58A00F88F6D /* Assets.xcassets */ = {isa = PBXFileReference; lastKnownFileType = folder.assetcatalog; path = Assets.xcassets; sourceTree = "<group>"; };
		848CFBF72179C58A00F88F6D /* Base */ = {isa = PBXFileReference; lastKnownFileType = file.storyboard; name = Base; path = Base.lproj/LaunchScreen.storyboard; sourceTree = "<group>"; };
		848CFBF92179C58A00F88F6D /* Info.plist */ = {isa = PBXFileReference; lastKnownFileType = text.plist.xml; path = Info.plist; sourceTree = "<group>"; };
		848CFC002179C5F200F88F6D /* ViewModel.swift */ = {isa = PBXFileReference; lastKnownFileType = sourcecode.swift; path = ViewModel.swift; sourceTree = "<group>"; };
		848CFC032179C64800F88F6D /* Model.swift */ = {isa = PBXFileReference; lastKnownFileType = sourcecode.swift; path = Model.swift; sourceTree = "<group>"; };
		848CFC062179FD7D00F88F6D /* NetworkServies.swift */ = {isa = PBXFileReference; lastKnownFileType = sourcecode.swift; path = NetworkServies.swift; sourceTree = "<group>"; };
		848CFC092179FDB400F88F6D /* NetworkCore.swift */ = {isa = PBXFileReference; lastKnownFileType = sourcecode.swift; path = NetworkCore.swift; sourceTree = "<group>"; };
		848CFC0F217A049200F88F6D /* ExamplUITests.xctest */ = {isa = PBXFileReference; explicitFileType = wrapper.cfbundle; includeInIndex = 0; path = ExamplUITests.xctest; sourceTree = BUILT_PRODUCTS_DIR; };
		848CFC11217A049200F88F6D /* ExamplUITests.swift */ = {isa = PBXFileReference; lastKnownFileType = sourcecode.swift; path = ExamplUITests.swift; sourceTree = "<group>"; };
		848CFC13217A049200F88F6D /* Info.plist */ = {isa = PBXFileReference; lastKnownFileType = text.plist.xml; path = Info.plist; sourceTree = "<group>"; };
		84AA87E921BEA1F800D4370A /* ModelTest.swift */ = {isa = PBXFileReference; lastKnownFileType = sourcecode.swift; path = ModelTest.swift; sourceTree = "<group>"; };
		84AA87F021BEA22800D4370A /* ExamplTests.xctest */ = {isa = PBXFileReference; explicitFileType = wrapper.cfbundle; includeInIndex = 0; path = ExamplTests.xctest; sourceTree = BUILT_PRODUCTS_DIR; };
		84AA87F221BEA22800D4370A /* ExamplTests.swift */ = {isa = PBXFileReference; lastKnownFileType = sourcecode.swift; path = ExamplTests.swift; sourceTree = "<group>"; };
		84AA87F421BEA22800D4370A /* Info.plist */ = {isa = PBXFileReference; lastKnownFileType = text.plist.xml; path = Info.plist; sourceTree = "<group>"; };
		84C97C9C219DA8E900B0943E /* ViewModelProtocol.swift */ = {isa = PBXFileReference; lastKnownFileType = sourcecode.swift; path = ViewModelProtocol.swift; sourceTree = "<group>"; };
/* End PBXFileReference section */

/* Begin PBXFrameworksBuildPhase section */
		848CFBE72179C58900F88F6D /* Frameworks */ = {
			isa = PBXFrameworksBuildPhase;
			buildActionMask = 2147483647;
			files = (
			);
			runOnlyForDeploymentPostprocessing = 0;
		};
		848CFC0C217A049200F88F6D /* Frameworks */ = {
			isa = PBXFrameworksBuildPhase;
			buildActionMask = 2147483647;
			files = (
			);
			runOnlyForDeploymentPostprocessing = 0;
		};
		84AA87ED21BEA22800D4370A /* Frameworks */ = {
			isa = PBXFrameworksBuildPhase;
			buildActionMask = 2147483647;
			files = (
			);
			runOnlyForDeploymentPostprocessing = 0;
		};
/* End PBXFrameworksBuildPhase section */

/* Begin PBXGroup section */
		842E6F5D21C251BB0013DC8C /* ModelTest */ = {
			isa = PBXGroup;
			children = (
				84AA87E921BEA1F800D4370A /* ModelTest.swift */,
				84AA87F221BEA22800D4370A /* ExamplTests.swift */,
			);
			path = ModelTest;
			sourceTree = "<group>";
		};
		842E6F5E21C251CA0013DC8C /* ViewTest */ = {
			isa = PBXGroup;
			children = (
				842E6F5F21C251E90013DC8C /* ViewControllerTest.swift */,
			);
			path = ViewTest;
			sourceTree = "<group>";
		};
		848CFBE12179C58900F88F6D = {
			isa = PBXGroup;
			children = (
				848CFBEC2179C58900F88F6D /* Exampl */,
				848CFC10217A049200F88F6D /* ExamplUITests */,
				84AA87F121BEA22800D4370A /* ExamplTests */,
				848CFBEB2179C58900F88F6D /* Products */,
			);
			sourceTree = "<group>";
		};
		848CFBEB2179C58900F88F6D /* Products */ = {
			isa = PBXGroup;
			children = (
				848CFBEA2179C58900F88F6D /* Exampl.app */,
				848CFC0F217A049200F88F6D /* ExamplUITests.xctest */,
				84AA87F021BEA22800D4370A /* ExamplTests.xctest */,
			);
			name = Products;
			sourceTree = "<group>";
		};
		848CFBEC2179C58900F88F6D /* Exampl */ = {
			isa = PBXGroup;
			children = (
				848CFBED2179C58900F88F6D /* AppDelegate.swift */,
				84C97C9C219DA8E900B0943E /* ViewModelProtocol.swift */,
				848CFC082179FD8500F88F6D /* NetworkServies */,
				848CFC052179C64D00F88F6D /* Model */,
				848CFC022179C5F900F88F6D /* ViewModel */,
				848CFBFF2179C5AF00F88F6D /* View */,
				848CFBF12179C58900F88F6D /* Main.storyboard */,
				848CFBF42179C58A00F88F6D /* Assets.xcassets */,
				848CFBF62179C58A00F88F6D /* LaunchScreen.storyboard */,
				848CFBF92179C58A00F88F6D /* Info.plist */,
			);
			path = Exampl;
			sourceTree = "<group>";
		};
		848CFBFF2179C5AF00F88F6D /* View */ = {
			isa = PBXGroup;
			children = (
				848CFBEF2179C58900F88F6D /* ViewController.swift */,
			);
			path = View;
			sourceTree = "<group>";
		};
		848CFC022179C5F900F88F6D /* ViewModel */ = {
			isa = PBXGroup;
			children = (
				848CFC002179C5F200F88F6D /* ViewModel.swift */,
			);
			path = ViewModel;
			sourceTree = "<group>";
		};
		848CFC052179C64D00F88F6D /* Model */ = {
			isa = PBXGroup;
			children = (
				848CFC032179C64800F88F6D /* Model.swift */,
				8439F218217DB83E007FAB2B /* SourceModel.swift */,
			);
			path = Model;
			sourceTree = "<group>";
		};
		848CFC082179FD8500F88F6D /* NetworkServies */ = {
			isa = PBXGroup;
			children = (
				848CFC062179FD7D00F88F6D /* NetworkServies.swift */,
				848CFC092179FDB400F88F6D /* NetworkCore.swift */,
			);
			path = NetworkServies;
			sourceTree = "<group>";
		};
		848CFC10217A049200F88F6D /* ExamplUITests */ = {
			isa = PBXGroup;
			children = (
				848CFC11217A049200F88F6D /* ExamplUITests.swift */,
				848CFC13217A049200F88F6D /* Info.plist */,
			);
			path = ExamplUITests;
			sourceTree = "<group>";
		};
		84AA87F121BEA22800D4370A /* ExamplTests */ = {
			isa = PBXGroup;
			children = (
				842E6F5E21C251CA0013DC8C /* ViewTest */,
				842E6F5D21C251BB0013DC8C /* ModelTest */,
				84AA87F421BEA22800D4370A /* Info.plist */,
			);
			path = ExamplTests;
			sourceTree = "<group>";
		};
/* End PBXGroup section */

/* Begin PBXNativeTarget section */
		848CFBE92179C58900F88F6D /* Exampl */ = {
			isa = PBXNativeTarget;
			buildConfigurationList = 848CFBFC2179C58A00F88F6D /* Build configuration list for PBXNativeTarget "Exampl" */;
			buildPhases = (
				848CFBE62179C58900F88F6D /* Sources */,
				848CFBE72179C58900F88F6D /* Frameworks */,
				848CFBE82179C58900F88F6D /* Resources */,
			);
			buildRules = (
			);
			dependencies = (
			);
			name = Exampl;
			productName = Exampl;
			productReference = 848CFBEA2179C58900F88F6D /* Exampl.app */;
			productType = "com.apple.product-type.application";
		};
		848CFC0E217A049200F88F6D /* ExamplUITests */ = {
			isa = PBXNativeTarget;
			buildConfigurationList = 848CFC16217A049200F88F6D /* Build configuration list for PBXNativeTarget "ExamplUITests" */;
			buildPhases = (
				848CFC0B217A049200F88F6D /* Sources */,
				848CFC0C217A049200F88F6D /* Frameworks */,
				848CFC0D217A049200F88F6D /* Resources */,
			);
			buildRules = (
			);
			dependencies = (
				848CFC15217A049200F88F6D /* PBXTargetDependency */,
			);
			name = ExamplUITests;
			productName = ExamplUITests;
			productReference = 848CFC0F217A049200F88F6D /* ExamplUITests.xctest */;
			productType = "com.apple.product-type.bundle.ui-testing";
		};
		84AA87EF21BEA22800D4370A /* ExamplTests */ = {
			isa = PBXNativeTarget;
			buildConfigurationList = 84AA87F721BEA22800D4370A /* Build configuration list for PBXNativeTarget "ExamplTests" */;
			buildPhases = (
				84AA87EC21BEA22800D4370A /* Sources */,
				84AA87ED21BEA22800D4370A /* Frameworks */,
				84AA87EE21BEA22800D4370A /* Resources */,
			);
			buildRules = (
			);
			dependencies = (
				84AA87F621BEA22800D4370A /* PBXTargetDependency */,
			);
			name = ExamplTests;
			productName = ExamplTests;
			productReference = 84AA87F021BEA22800D4370A /* ExamplTests.xctest */;
			productType = "com.apple.product-type.bundle.unit-test";
		};
/* End PBXNativeTarget section */

/* Begin PBXProject section */
		848CFBE22179C58900F88F6D /* Project object */ = {
			isa = PBXProject;
			attributes = {
				LastSwiftUpdateCheck = 1010;
				LastUpgradeCheck = 1000;
				ORGANIZATIONNAME = Admin;
				TargetAttributes = {
					848CFBE92179C58900F88F6D = {
						CreatedOnToolsVersion = 10.0;
					};
					848CFC0E217A049200F88F6D = {
						CreatedOnToolsVersion = 10.0;
						TestTargetID = 848CFBE92179C58900F88F6D;
					};
					84AA87EF21BEA22800D4370A = {
						CreatedOnToolsVersion = 10.1;
						TestTargetID = 848CFBE92179C58900F88F6D;
					};
				};
			};
			buildConfigurationList = 848CFBE52179C58900F88F6D /* Build configuration list for PBXProject "Exampl" */;
			compatibilityVersion = "Xcode 9.3";
			developmentRegion = en;
			hasScannedForEncodings = 0;
			knownRegions = (
				en,
				Base,
			);
			mainGroup = 848CFBE12179C58900F88F6D;
			productRefGroup = 848CFBEB2179C58900F88F6D /* Products */;
			projectDirPath = "";
			projectRoot = "";
			targets = (
				848CFBE92179C58900F88F6D /* Exampl */,
				848CFC0E217A049200F88F6D /* ExamplUITests */,
				84AA87EF21BEA22800D4370A /* ExamplTests */,
			);
		};
/* End PBXProject section */

/* Begin PBXResourcesBuildPhase section */
		848CFBE82179C58900F88F6D /* Resources */ = {
			isa = PBXResourcesBuildPhase;
			buildActionMask = 2147483647;
			files = (
				848CFBF82179C58A00F88F6D /* LaunchScreen.storyboard in Resources */,
				848CFBF52179C58A00F88F6D /* Assets.xcassets in Resources */,
				848CFBF32179C58900F88F6D /* Main.storyboard in Resources */,
			);
			runOnlyForDeploymentPostprocessing = 0;
		};
		848CFC0D217A049200F88F6D /* Resources */ = {
			isa = PBXResourcesBuildPhase;
			buildActionMask = 2147483647;
			files = (
			);
			runOnlyForDeploymentPostprocessing = 0;
		};
		84AA87EE21BEA22800D4370A /* Resources */ = {
			isa = PBXResourcesBuildPhase;
			buildActionMask = 2147483647;
			files = (
			);
			runOnlyForDeploymentPostprocessing = 0;
		};
/* End PBXResourcesBuildPhase section */

/* Begin PBXSourcesBuildPhase section */
		848CFBE62179C58900F88F6D /* Sources */ = {
			isa = PBXSourcesBuildPhase;
			buildActionMask = 2147483647;
			files = (
				84C97C9D219DA8E900B0943E /* ViewModelProtocol.swift in Sources */,
				848CFBF02179C58900F88F6D /* ViewController.swift in Sources */,
				848CFC0A2179FDB400F88F6D /* NetworkCore.swift in Sources */,
				848CFC012179C5F200F88F6D /* ViewModel.swift in Sources */,
				848CFBEE2179C58900F88F6D /* AppDelegate.swift in Sources */,
				848CFC072179FD7D00F88F6D /* NetworkServies.swift in Sources */,
				8439F219217DB83E007FAB2B /* SourceModel.swift in Sources */,
				848CFC042179C64800F88F6D /* Model.swift in Sources */,
			);
			runOnlyForDeploymentPostprocessing = 0;
		};
		848CFC0B217A049200F88F6D /* Sources */ = {
			isa = PBXSourcesBuildPhase;
			buildActionMask = 2147483647;
			files = (
				848CFC12217A049200F88F6D /* ExamplUITests.swift in Sources */,
			);
			runOnlyForDeploymentPostprocessing = 0;
		};
		84AA87EC21BEA22800D4370A /* Sources */ = {
			isa = PBXSourcesBuildPhase;
			buildActionMask = 2147483647;
			files = (
				84AA87F321BEA22800D4370A /* ExamplTests.swift in Sources */,
				84AA87FA21BEA23C00D4370A /* ModelTest.swift in Sources */,
				842E6F6021C251E90013DC8C /* ViewControllerTest.swift in Sources */,
			);
			runOnlyForDeploymentPostprocessing = 0;
		};
/* End PBXSourcesBuildPhase section */

/* Begin PBXTargetDependency section */
		848CFC15217A049200F88F6D /* PBXTargetDependency */ = {
			isa = PBXTargetDependency;
			target = 848CFBE92179C58900F88F6D /* Exampl */;
			targetProxy = 848CFC14217A049200F88F6D /* PBXContainerItemProxy */;
		};
		84AA87F621BEA22800D4370A /* PBXTargetDependency */ = {
			isa = PBXTargetDependency;
			target = 848CFBE92179C58900F88F6D /* Exampl */;
			targetProxy = 84AA87F521BEA22800D4370A /* PBXContainerItemProxy */;
		};
/* End PBXTargetDependency section */

/* Begin PBXVariantGroup section */
		848CFBF12179C58900F88F6D /* Main.storyboard */ = {
			isa = PBXVariantGroup;
			children = (
				848CFBF22179C58900F88F6D /* Base */,
			);
			name = Main.storyboard;
			sourceTree = "<group>";
		};
		848CFBF62179C58A00F88F6D /* LaunchScreen.storyboard */ = {
			isa = PBXVariantGroup;
			children = (
				848CFBF72179C58A00F88F6D /* Base */,
			);
			name = LaunchScreen.storyboard;
			sourceTree = "<group>";
		};
/* End PBXVariantGroup section */

/* Begin XCBuildConfiguration section */
		848CFBFA2179C58A00F88F6D /* Debug */ = {
			isa = XCBuildConfiguration;
			buildSettings = {
				ALWAYS_SEARCH_USER_PATHS = NO;
				CLANG_ANALYZER_NONNULL = YES;
				CLANG_ANALYZER_NUMBER_OBJECT_CONVERSION = YES_AGGRESSIVE;
				CLANG_CXX_LANGUAGE_STANDARD = "gnu++14";
				CLANG_CXX_LIBRARY = "libc++";
				CLANG_ENABLE_MODULES = YES;
				CLANG_ENABLE_OBJC_ARC = YES;
				CLANG_ENABLE_OBJC_WEAK = YES;
				CLANG_WARN_BLOCK_CAPTURE_AUTORELEASING = YES;
				CLANG_WARN_BOOL_CONVERSION = YES;
				CLANG_WARN_COMMA = YES;
				CLANG_WARN_CONSTANT_CONVERSION = YES;
				CLANG_WARN_DEPRECATED_OBJC_IMPLEMENTATIONS = YES;
				CLANG_WARN_DIRECT_OBJC_ISA_USAGE = YES_ERROR;
				CLANG_WARN_DOCUMENTATION_COMMENTS = YES;
				CLANG_WARN_EMPTY_BODY = YES;
				CLANG_WARN_ENUM_CONVERSION = YES;
				CLANG_WARN_INFINITE_RECURSION = YES;
				CLANG_WARN_INT_CONVERSION = YES;
				CLANG_WARN_NON_LITERAL_NULL_CONVERSION = YES;
				CLANG_WARN_OBJC_IMPLICIT_RETAIN_SELF = YES;
				CLANG_WARN_OBJC_LITERAL_CONVERSION = YES;
				CLANG_WARN_OBJC_ROOT_CLASS = YES_ERROR;
				CLANG_WARN_RANGE_LOOP_ANALYSIS = YES;
				CLANG_WARN_STRICT_PROTOTYPES = YES;
				CLANG_WARN_SUSPICIOUS_MOVE = YES;
				CLANG_WARN_UNGUARDED_AVAILABILITY = YES_AGGRESSIVE;
				CLANG_WARN_UNREACHABLE_CODE = YES;
				CLANG_WARN__DUPLICATE_METHOD_MATCH = YES;
				CODE_SIGN_IDENTITY = "iPhone Developer";
				COPY_PHASE_STRIP = NO;
				DEBUG_INFORMATION_FORMAT = dwarf;
				ENABLE_STRICT_OBJC_MSGSEND = YES;
				ENABLE_TESTABILITY = YES;
				GCC_C_LANGUAGE_STANDARD = gnu11;
				GCC_DYNAMIC_NO_PIC = NO;
				GCC_NO_COMMON_BLOCKS = YES;
				GCC_OPTIMIZATION_LEVEL = 0;
				GCC_PREPROCESSOR_DEFINITIONS = (
					"DEBUG=1",
					"$(inherited)",
				);
				GCC_WARN_64_TO_32_BIT_CONVERSION = YES;
				GCC_WARN_ABOUT_RETURN_TYPE = YES_ERROR;
				GCC_WARN_UNDECLARED_SELECTOR = YES;
				GCC_WARN_UNINITIALIZED_AUTOS = YES_AGGRESSIVE;
				GCC_WARN_UNUSED_FUNCTION = YES;
				GCC_WARN_UNUSED_VARIABLE = YES;
				IPHONEOS_DEPLOYMENT_TARGET = 12.0;
				MTL_ENABLE_DEBUG_INFO = INCLUDE_SOURCE;
				MTL_FAST_MATH = YES;
				ONLY_ACTIVE_ARCH = YES;
				SDKROOT = iphoneos;
				SWIFT_ACTIVE_COMPILATION_CONDITIONS = DEBUG;
				SWIFT_OPTIMIZATION_LEVEL = "-Onone";
			};
			name = Debug;
		};
		848CFBFB2179C58A00F88F6D /* Release */ = {
			isa = XCBuildConfiguration;
			buildSettings = {
				ALWAYS_SEARCH_USER_PATHS = NO;
				CLANG_ANALYZER_NONNULL = YES;
				CLANG_ANALYZER_NUMBER_OBJECT_CONVERSION = YES_AGGRESSIVE;
				CLANG_CXX_LANGUAGE_STANDARD = "gnu++14";
				CLANG_CXX_LIBRARY = "libc++";
				CLANG_ENABLE_MODULES = YES;
				CLANG_ENABLE_OBJC_ARC = YES;
				CLANG_ENABLE_OBJC_WEAK = YES;
				CLANG_WARN_BLOCK_CAPTURE_AUTORELEASING = YES;
				CLANG_WARN_BOOL_CONVERSION = YES;
				CLANG_WARN_COMMA = YES;
				CLANG_WARN_CONSTANT_CONVERSION = YES;
				CLANG_WARN_DEPRECATED_OBJC_IMPLEMENTATIONS = YES;
				CLANG_WARN_DIRECT_OBJC_ISA_USAGE = YES_ERROR;
				CLANG_WARN_DOCUMENTATION_COMMENTS = YES;
				CLANG_WARN_EMPTY_BODY = YES;
				CLANG_WARN_ENUM_CONVERSION = YES;
				CLANG_WARN_INFINITE_RECURSION = YES;
				CLANG_WARN_INT_CONVERSION = YES;
				CLANG_WARN_NON_LITERAL_NULL_CONVERSION = YES;
				CLANG_WARN_OBJC_IMPLICIT_RETAIN_SELF = YES;
				CLANG_WARN_OBJC_LITERAL_CONVERSION = YES;
				CLANG_WARN_OBJC_ROOT_CLASS = YES_ERROR;
				CLANG_WARN_RANGE_LOOP_ANALYSIS = YES;
				CLANG_WARN_STRICT_PROTOTYPES = YES;
				CLANG_WARN_SUSPICIOUS_MOVE = YES;
				CLANG_WARN_UNGUARDED_AVAILABILITY = YES_AGGRESSIVE;
				CLANG_WARN_UNREACHABLE_CODE = YES;
				CLANG_WARN__DUPLICATE_METHOD_MATCH = YES;
				CODE_SIGN_IDENTITY = "iPhone Developer";
				COPY_PHASE_STRIP = NO;
				DEBUG_INFORMATION_FORMAT = "dwarf-with-dsym";
				ENABLE_NS_ASSERTIONS = NO;
				ENABLE_STRICT_OBJC_MSGSEND = YES;
				GCC_C_LANGUAGE_STANDARD = gnu11;
				GCC_NO_COMMON_BLOCKS = YES;
				GCC_WARN_64_TO_32_BIT_CONVERSION = YES;
				GCC_WARN_ABOUT_RETURN_TYPE = YES_ERROR;
				GCC_WARN_UNDECLARED_SELECTOR = YES;
				GCC_WARN_UNINITIALIZED_AUTOS = YES_AGGRESSIVE;
				GCC_WARN_UNUSED_FUNCTION = YES;
				GCC_WARN_UNUSED_VARIABLE = YES;
				IPHONEOS_DEPLOYMENT_TARGET = 12.0;
				MTL_ENABLE_DEBUG_INFO = NO;
				MTL_FAST_MATH = YES;
				SDKROOT = iphoneos;
				SWIFT_COMPILATION_MODE = wholemodule;
				SWIFT_OPTIMIZATION_LEVEL = "-O";
				VALIDATE_PRODUCT = YES;
			};
			name = Release;
		};
		848CFBFD2179C58A00F88F6D /* Debug */ = {
			isa = XCBuildConfiguration;
			buildSettings = {
				ASSETCATALOG_COMPILER_APPICON_NAME = AppIcon;
				CODE_SIGN_STYLE = Automatic;
				DEVELOPMENT_TEAM = S3U2JV262X;
				INFOPLIST_FILE = Exampl/Info.plist;
				LD_RUNPATH_SEARCH_PATHS = (
					"$(inherited)",
					"@executable_path/Frameworks",
				);
				PRODUCT_BUNDLE_IDENTIFIER = ru.alfabank.Exampl;
				PRODUCT_NAME = "$(TARGET_NAME)";
				SWIFT_VERSION = 4.2;
				TARGETED_DEVICE_FAMILY = "1,2";
			};
			name = Debug;
		};
		848CFBFE2179C58A00F88F6D /* Release */ = {
			isa = XCBuildConfiguration;
			buildSettings = {
				ASSETCATALOG_COMPILER_APPICON_NAME = AppIcon;
				CODE_SIGN_STYLE = Automatic;
				DEVELOPMENT_TEAM = S3U2JV262X;
				INFOPLIST_FILE = Exampl/Info.plist;
				LD_RUNPATH_SEARCH_PATHS = (
					"$(inherited)",
					"@executable_path/Frameworks",
				);
				PRODUCT_BUNDLE_IDENTIFIER = ru.alfabank.Exampl;
				PRODUCT_NAME = "$(TARGET_NAME)";
				SWIFT_VERSION = 4.2;
				TARGETED_DEVICE_FAMILY = "1,2";
			};
			name = Release;
		};
		848CFC17217A049200F88F6D /* Debug */ = {
			isa = XCBuildConfiguration;
			buildSettings = {
				CODE_SIGN_STYLE = Automatic;
				DEVELOPMENT_TEAM = S3U2JV262X;
				INFOPLIST_FILE = ExamplUITests/Info.plist;
				LD_RUNPATH_SEARCH_PATHS = (
					"$(inherited)",
					"@executable_path/Frameworks",
					"@loader_path/Frameworks",
				);
				PRODUCT_BUNDLE_IDENTIFIER = ru.alfabank.ExamplUITests;
				PRODUCT_NAME = "$(TARGET_NAME)";
				SWIFT_VERSION = 4.2;
				TARGETED_DEVICE_FAMILY = "1,2";
				TEST_TARGET_NAME = Exampl;
			};
			name = Debug;
		};
		848CFC18217A049200F88F6D /* Release */ = {
			isa = XCBuildConfiguration;
			buildSettings = {
				CODE_SIGN_STYLE = Automatic;
				DEVELOPMENT_TEAM = S3U2JV262X;
				INFOPLIST_FILE = ExamplUITests/Info.plist;
				LD_RUNPATH_SEARCH_PATHS = (
					"$(inherited)",
					"@executable_path/Frameworks",
					"@loader_path/Frameworks",
				);
				PRODUCT_BUNDLE_IDENTIFIER = ru.alfabank.ExamplUITests;
				PRODUCT_NAME = "$(TARGET_NAME)";
				SWIFT_VERSION = 4.2;
				TARGETED_DEVICE_FAMILY = "1,2";
				TEST_TARGET_NAME = Exampl;
			};
			name = Release;
		};
		84AA87F821BEA22800D4370A /* Debug */ = {
			isa = XCBuildConfiguration;
			buildSettings = {
				BUNDLE_LOADER = "$(TEST_HOST)";
				CODE_SIGN_STYLE = Automatic;
				DEVELOPMENT_TEAM = S3U2JV262X;
				INFOPLIST_FILE = ExamplTests/Info.plist;
				IPHONEOS_DEPLOYMENT_TARGET = 12.1;
				LD_RUNPATH_SEARCH_PATHS = (
					"$(inherited)",
					"@executable_path/Frameworks",
					"@loader_path/Frameworks",
				);
				PRODUCT_BUNDLE_IDENTIFIER = ru.alfabank.ExamplTests;
				PRODUCT_NAME = "$(TARGET_NAME)";
				SWIFT_VERSION = 4.2;
				TARGETED_DEVICE_FAMILY = "1,2";
				TEST_HOST = "$(BUILT_PRODUCTS_DIR)/Exampl.app/Exampl";
			};
			name = Debug;
		};
		84AA87F921BEA22800D4370A /* Release */ = {
			isa = XCBuildConfiguration;
			buildSettings = {
				BUNDLE_LOADER = "$(TEST_HOST)";
				CODE_SIGN_STYLE = Automatic;
				DEVELOPMENT_TEAM = S3U2JV262X;
				INFOPLIST_FILE = ExamplTests/Info.plist;
				IPHONEOS_DEPLOYMENT_TARGET = 12.1;
				LD_RUNPATH_SEARCH_PATHS = (
					"$(inherited)",
					"@executable_path/Frameworks",
					"@loader_path/Frameworks",
				);
				PRODUCT_BUNDLE_IDENTIFIER = ru.alfabank.ExamplTests;
				PRODUCT_NAME = "$(TARGET_NAME)";
				SWIFT_VERSION = 4.2;
				TARGETED_DEVICE_FAMILY = "1,2";
				TEST_HOST = "$(BUILT_PRODUCTS_DIR)/Exampl.app/Exampl";
			};
			name = Release;
		};
/* End XCBuildConfiguration section */

/* Begin XCConfigurationList section */
		848CFBE52179C58900F88F6D /* Build configuration list for PBXProject "Exampl" */ = {
			isa = XCConfigurationList;
			buildConfigurations = (
				848CFBFA2179C58A00F88F6D /* Debug */,
				848CFBFB2179C58A00F88F6D /* Release */,
			);
			defaultConfigurationIsVisible = 0;
			defaultConfigurationName = Release;
		};
		848CFBFC2179C58A00F88F6D /* Build configuration list for PBXNativeTarget "Exampl" */ = {
			isa = XCConfigurationList;
			buildConfigurations = (
				848CFBFD2179C58A00F88F6D /* Debug */,
				848CFBFE2179C58A00F88F6D /* Release */,
			);
			defaultConfigurationIsVisible = 0;
			defaultConfigurationName = Release;
		};
		848CFC16217A049200F88F6D /* Build configuration list for PBXNativeTarget "ExamplUITests" */ = {
			isa = XCConfigurationList;
			buildConfigurations = (
				848CFC17217A049200F88F6D /* Debug */,
				848CFC18217A049200F88F6D /* Release */,
			);
			defaultConfigurationIsVisible = 0;
			defaultConfigurationName = Release;
		};
		84AA87F721BEA22800D4370A /* Build configuration list for PBXNativeTarget "ExamplTests" */ = {
			isa = XCConfigurationList;
			buildConfigurations = (
				84AA87F821BEA22800D4370A /* Debug */,
				84AA87F921BEA22800D4370A /* Release */,
			);
			defaultConfigurationIsVisible = 0;
			defaultConfigurationName = Release;
		};
/* End XCConfigurationList section */
	};
	rootObject = 848CFBE22179C58900F88F6D /* Project object */;
}
